
Microsoft Visual Studio Solution File, Format Version 12.00
# Visual Studio Version 17
VisualStudioVersion = 17.0.31903.59
MinimumVisualStudioVersion = 10.0.40219.1
Project("{2150E333-8FDC-42A3-9474-1A3956D46DE8}") = "src", "src", "{4B1DA9C3-9281-459B-B652-0EF1507F08EE}"
EndProject
Project("{FAE04EC0-301F-11D3-BF4B-00C04F79EFBC}") = "SureProfit.Api", "src\Api\SureProfit.Api.csproj", "{959CAAEB-9EFE-4D0A-AFF3-07D3FBD7D423}"
EndProject
Project("{2150E333-8FDC-42A3-9474-1A3956D46DE8}") = "Core", "Core", "{23C1E9A9-BF5C-4794-8F73-DB6EE1984312}"
EndProject
Project("{FAE04EC0-301F-11D3-BF4B-00C04F79EFBC}") = "SureProfit.Application", "src\Core\Application\SureProfit.Application.csproj", "{B44ACB3F-9B8C-41A6-9DE0-D5272D91AF60}"
EndProject
Project("{FAE04EC0-301F-11D3-BF4B-00C04F79EFBC}") = "SureProfit.Domain", "src\Core\Domain\SureProfit.Domain.csproj", "{BF3E14A4-23B2-4ECC-A32A-BB986D68BAD8}"
EndProject
Project("{2150E333-8FDC-42A3-9474-1A3956D46DE8}") = "Infraestructure", "Infraestructure", "{2036B55C-7434-4C6B-B742-84F03908ADF9}"
EndProject
Project("{FAE04EC0-301F-11D3-BF4B-00C04F79EFBC}") = "SureProfit.Infra.Components", "src\Infraestructure\Components\SureProfit.Infra.Components.csproj", "{07BD4D63-3DD4-4E03-8B2B-F9D7CD756F84}"
EndProject
Project("{FAE04EC0-301F-11D3-BF4B-00C04F79EFBC}") = "SureProfit.Infra.Data", "src\Infraestructure\Data\SureProfit.Infra.Data.csproj", "{3922B37F-C1E9-420C-8A79-6E712DF20C1D}"
EndProject
Project("{2150E333-8FDC-42A3-9474-1A3956D46DE8}") = "test", "test", "{4984C91C-338A-430D-99AC-760B03AB3ABE}"
EndProject
Project("{2150E333-8FDC-42A3-9474-1A3956D46DE8}") = "Unit", "Unit", "{BF542840-57BF-428A-BDFA-B5168FFE51C8}"
EndProject
Project("{2150E333-8FDC-42A3-9474-1A3956D46DE8}") = "Core", "Core", "{D639F042-70E6-4EC9-9432-9FDB03983A2F}"
EndProject
Project("{FAE04EC0-301F-11D3-BF4B-00C04F79EFBC}") = "SureProfit.Domain.Tests", "test\Unit\Core\Domain\SureProfit.Domain.Tests.csproj", "{361303D2-AFF1-4934-9A5B-40131081B754}"
EndProject
Global
	GlobalSection(SolutionConfigurationPlatforms) = preSolution
		Debug|Any CPU = Debug|Any CPU
		Release|Any CPU = Release|Any CPU
	EndGlobalSection
	GlobalSection(SolutionProperties) = preSolution
		HideSolutionNode = FALSE
	EndGlobalSection
	GlobalSection(ProjectConfigurationPlatforms) = postSolution
		{959CAAEB-9EFE-4D0A-AFF3-07D3FBD7D423}.Debug|Any CPU.ActiveCfg = Debug|Any CPU
		{959CAAEB-9EFE-4D0A-AFF3-07D3FBD7D423}.Debug|Any CPU.Build.0 = Debug|Any CPU
		{959CAAEB-9EFE-4D0A-AFF3-07D3FBD7D423}.Release|Any CPU.ActiveCfg = Release|Any CPU
		{959CAAEB-9EFE-4D0A-AFF3-07D3FBD7D423}.Release|Any CPU.Build.0 = Release|Any CPU
		{B44ACB3F-9B8C-41A6-9DE0-D5272D91AF60}.Debug|Any CPU.ActiveCfg = Debug|Any CPU
		{B44ACB3F-9B8C-41A6-9DE0-D5272D91AF60}.Debug|Any CPU.Build.0 = Debug|Any CPU
		{B44ACB3F-9B8C-41A6-9DE0-D5272D91AF60}.Release|Any CPU.ActiveCfg = Release|Any CPU
		{B44ACB3F-9B8C-41A6-9DE0-D5272D91AF60}.Release|Any CPU.Build.0 = Release|Any CPU
		{BF3E14A4-23B2-4ECC-A32A-BB986D68BAD8}.Debug|Any CPU.ActiveCfg = Debug|Any CPU
		{BF3E14A4-23B2-4ECC-A32A-BB986D68BAD8}.Debug|Any CPU.Build.0 = Debug|Any CPU
		{BF3E14A4-23B2-4ECC-A32A-BB986D68BAD8}.Release|Any CPU.ActiveCfg = Release|Any CPU
		{BF3E14A4-23B2-4ECC-A32A-BB986D68BAD8}.Release|Any CPU.Build.0 = Release|Any CPU
		{07BD4D63-3DD4-4E03-8B2B-F9D7CD756F84}.Debug|Any CPU.ActiveCfg = Debug|Any CPU
		{07BD4D63-3DD4-4E03-8B2B-F9D7CD756F84}.Debug|Any CPU.Build.0 = Debug|Any CPU
		{07BD4D63-3DD4-4E03-8B2B-F9D7CD756F84}.Release|Any CPU.ActiveCfg = Release|Any CPU
		{07BD4D63-3DD4-4E03-8B2B-F9D7CD756F84}.Release|Any CPU.Build.0 = Release|Any CPU
		{3922B37F-C1E9-420C-8A79-6E712DF20C1D}.Debug|Any CPU.ActiveCfg = Debug|Any CPU
		{3922B37F-C1E9-420C-8A79-6E712DF20C1D}.Debug|Any CPU.Build.0 = Debug|Any CPU
		{3922B37F-C1E9-420C-8A79-6E712DF20C1D}.Release|Any CPU.ActiveCfg = Release|Any CPU
		{3922B37F-C1E9-420C-8A79-6E712DF20C1D}.Release|Any CPU.Build.0 = Release|Any CPU
		{361303D2-AFF1-4934-9A5B-40131081B754}.Debug|Any CPU.ActiveCfg = Debug|Any CPU
		{361303D2-AFF1-4934-9A5B-40131081B754}.Debug|Any CPU.Build.0 = Debug|Any CPU
		{361303D2-AFF1-4934-9A5B-40131081B754}.Release|Any CPU.ActiveCfg = Release|Any CPU
		{361303D2-AFF1-4934-9A5B-40131081B754}.Release|Any CPU.Build.0 = Release|Any CPU
	EndGlobalSection
	GlobalSection(NestedProjects) = preSolution
		{959CAAEB-9EFE-4D0A-AFF3-07D3FBD7D423} = {4B1DA9C3-9281-459B-B652-0EF1507F08EE}
		{23C1E9A9-BF5C-4794-8F73-DB6EE1984312} = {4B1DA9C3-9281-459B-B652-0EF1507F08EE}
		{B44ACB3F-9B8C-41A6-9DE0-D5272D91AF60} = {23C1E9A9-BF5C-4794-8F73-DB6EE1984312}
		{BF3E14A4-23B2-4ECC-A32A-BB986D68BAD8} = {23C1E9A9-BF5C-4794-8F73-DB6EE1984312}
		{2036B55C-7434-4C6B-B742-84F03908ADF9} = {4B1DA9C3-9281-459B-B652-0EF1507F08EE}
		{07BD4D63-3DD4-4E03-8B2B-F9D7CD756F84} = {2036B55C-7434-4C6B-B742-84F03908ADF9}
		{3922B37F-C1E9-420C-8A79-6E712DF20C1D} = {2036B55C-7434-4C6B-B742-84F03908ADF9}
		{BF542840-57BF-428A-BDFA-B5168FFE51C8} = {4984C91C-338A-430D-99AC-760B03AB3ABE}
		{D639F042-70E6-4EC9-9432-9FDB03983A2F} = {BF542840-57BF-428A-BDFA-B5168FFE51C8}
		{361303D2-AFF1-4934-9A5B-40131081B754} = {D639F042-70E6-4EC9-9432-9FDB03983A2F}
	EndGlobalSection
EndGlobal
