
Microsoft Visual Studio Solution File, Format Version 12.00
# Visual Studio Version 17
VisualStudioVersion = 17.0.31903.59
MinimumVisualStudioVersion = 10.0.40219.1
Project("{2150E333-8FDC-42A3-9474-1A3956D46DE8}") = "src", "src", "{285FA50A-84FC-4505-B65E-B274764AB3EE}"
EndProject
Project("{FAE04EC0-301F-11D3-BF4B-00C04F79EFBC}") = "SureProfitServer.Api", "src\Api\SureProfitServer.Api.csproj", "{7839ECA8-B1B4-4CA8-86BA-319A184807C9}"
EndProject
Project("{2150E333-8FDC-42A3-9474-1A3956D46DE8}") = "Core", "Core", "{A0FD1A43-669A-4483-A884-115CFF1B4D5D}"
EndProject
Project("{FAE04EC0-301F-11D3-BF4B-00C04F79EFBC}") = "SureProfitServer.Domain", "src\Core\Domain\SureProfitServer.Domain.csproj", "{420E2197-DBEF-4DB4-B98C-4BB2BC3F63BE}"
EndProject
Project("{FAE04EC0-301F-11D3-BF4B-00C04F79EFBC}") = "SureProfitServer.Application", "src\Core\Application\SureProfitServer.Application.csproj", "{45EA5DDA-5EE7-462B-B7B0-BC9F7F21E284}"
EndProject
Project("{2150E333-8FDC-42A3-9474-1A3956D46DE8}") = "Infrastructure", "Infrastructure", "{1CC7D2B5-92BD-4A48-958C-2870D95FB082}"
EndProject
Project("{FAE04EC0-301F-11D3-BF4B-00C04F79EFBC}") = "SureProfitServer.Data", "src\Infrastructure\Data\SureProfitServer.Data.csproj", "{DCA85AB5-CC37-40CD-89C6-13A13BC4FF9D}"
EndProject
Project("{FAE04EC0-301F-11D3-BF4B-00C04F79EFBC}") = "SureProfitServer.Components", "src\Infrastructure\Components\SureProfitServer.Components.csproj", "{EE9B60EA-8E01-46CC-8CE3-C4230093C388}"
EndProject
Project("{2150E333-8FDC-42A3-9474-1A3956D46DE8}") = "test", "test", "{57D8E12F-8A19-41A0-BF83-36F552592525}"
EndProject
Project("{FAE04EC0-301F-11D3-BF4B-00C04F79EFBC}") = "SurePrifitServer.Tests.Unit", "test\Unit\SurePrifitServer.Tests.Unit.csproj", "{CF235E56-5339-4A3D-ABA0-E68116BC7152}"
EndProject
Project("{FAE04EC0-301F-11D3-BF4B-00C04F79EFBC}") = "SurePrifitServer.Tests.Integration", "test\Integration\SurePrifitServer.Tests.Integration.csproj", "{95DBF772-F899-4C16-BBAC-F4408D4BD140}"
EndProject
Global
	GlobalSection(SolutionConfigurationPlatforms) = preSolution
		Debug|Any CPU = Debug|Any CPU
		Release|Any CPU = Release|Any CPU
	EndGlobalSection
	GlobalSection(SolutionProperties) = preSolution
		HideSolutionNode = FALSE
	EndGlobalSection
	GlobalSection(ProjectConfigurationPlatforms) = postSolution
		{7839ECA8-B1B4-4CA8-86BA-319A184807C9}.Debug|Any CPU.ActiveCfg = Debug|Any CPU
		{7839ECA8-B1B4-4CA8-86BA-319A184807C9}.Debug|Any CPU.Build.0 = Debug|Any CPU
		{7839ECA8-B1B4-4CA8-86BA-319A184807C9}.Release|Any CPU.ActiveCfg = Release|Any CPU
		{7839ECA8-B1B4-4CA8-86BA-319A184807C9}.Release|Any CPU.Build.0 = Release|Any CPU
		{420E2197-DBEF-4DB4-B98C-4BB2BC3F63BE}.Debug|Any CPU.ActiveCfg = Debug|Any CPU
		{420E2197-DBEF-4DB4-B98C-4BB2BC3F63BE}.Debug|Any CPU.Build.0 = Debug|Any CPU
		{420E2197-DBEF-4DB4-B98C-4BB2BC3F63BE}.Release|Any CPU.ActiveCfg = Release|Any CPU
		{420E2197-DBEF-4DB4-B98C-4BB2BC3F63BE}.Release|Any CPU.Build.0 = Release|Any CPU
		{45EA5DDA-5EE7-462B-B7B0-BC9F7F21E284}.Debug|Any CPU.ActiveCfg = Debug|Any CPU
		{45EA5DDA-5EE7-462B-B7B0-BC9F7F21E284}.Debug|Any CPU.Build.0 = Debug|Any CPU
		{45EA5DDA-5EE7-462B-B7B0-BC9F7F21E284}.Release|Any CPU.ActiveCfg = Release|Any CPU
		{45EA5DDA-5EE7-462B-B7B0-BC9F7F21E284}.Release|Any CPU.Build.0 = Release|Any CPU
		{DCA85AB5-CC37-40CD-89C6-13A13BC4FF9D}.Debug|Any CPU.ActiveCfg = Debug|Any CPU
		{DCA85AB5-CC37-40CD-89C6-13A13BC4FF9D}.Debug|Any CPU.Build.0 = Debug|Any CPU
		{DCA85AB5-CC37-40CD-89C6-13A13BC4FF9D}.Release|Any CPU.ActiveCfg = Release|Any CPU
		{DCA85AB5-CC37-40CD-89C6-13A13BC4FF9D}.Release|Any CPU.Build.0 = Release|Any CPU
		{EE9B60EA-8E01-46CC-8CE3-C4230093C388}.Debug|Any CPU.ActiveCfg = Debug|Any CPU
		{EE9B60EA-8E01-46CC-8CE3-C4230093C388}.Debug|Any CPU.Build.0 = Debug|Any CPU
		{EE9B60EA-8E01-46CC-8CE3-C4230093C388}.Release|Any CPU.ActiveCfg = Release|Any CPU
		{EE9B60EA-8E01-46CC-8CE3-C4230093C388}.Release|Any CPU.Build.0 = Release|Any CPU
		{CF235E56-5339-4A3D-ABA0-E68116BC7152}.Debug|Any CPU.ActiveCfg = Debug|Any CPU
		{CF235E56-5339-4A3D-ABA0-E68116BC7152}.Debug|Any CPU.Build.0 = Debug|Any CPU
		{CF235E56-5339-4A3D-ABA0-E68116BC7152}.Release|Any CPU.ActiveCfg = Release|Any CPU
		{CF235E56-5339-4A3D-ABA0-E68116BC7152}.Release|Any CPU.Build.0 = Release|Any CPU
		{95DBF772-F899-4C16-BBAC-F4408D4BD140}.Debug|Any CPU.ActiveCfg = Debug|Any CPU
		{95DBF772-F899-4C16-BBAC-F4408D4BD140}.Debug|Any CPU.Build.0 = Debug|Any CPU
		{95DBF772-F899-4C16-BBAC-F4408D4BD140}.Release|Any CPU.ActiveCfg = Release|Any CPU
		{95DBF772-F899-4C16-BBAC-F4408D4BD140}.Release|Any CPU.Build.0 = Release|Any CPU
	EndGlobalSection
	GlobalSection(NestedProjects) = preSolution
		{7839ECA8-B1B4-4CA8-86BA-319A184807C9} = {285FA50A-84FC-4505-B65E-B274764AB3EE}
		{A0FD1A43-669A-4483-A884-115CFF1B4D5D} = {285FA50A-84FC-4505-B65E-B274764AB3EE}
		{420E2197-DBEF-4DB4-B98C-4BB2BC3F63BE} = {A0FD1A43-669A-4483-A884-115CFF1B4D5D}
		{45EA5DDA-5EE7-462B-B7B0-BC9F7F21E284} = {A0FD1A43-669A-4483-A884-115CFF1B4D5D}
		{1CC7D2B5-92BD-4A48-958C-2870D95FB082} = {285FA50A-84FC-4505-B65E-B274764AB3EE}
		{DCA85AB5-CC37-40CD-89C6-13A13BC4FF9D} = {1CC7D2B5-92BD-4A48-958C-2870D95FB082}
		{EE9B60EA-8E01-46CC-8CE3-C4230093C388} = {1CC7D2B5-92BD-4A48-958C-2870D95FB082}
		{CF235E56-5339-4A3D-ABA0-E68116BC7152} = {57D8E12F-8A19-41A0-BF83-36F552592525}
		{95DBF772-F899-4C16-BBAC-F4408D4BD140} = {57D8E12F-8A19-41A0-BF83-36F552592525}
	EndGlobalSection
EndGlobal
