
Microsoft Visual Studio Solution File, Format Version 12.00
# Visual Studio Version 17
VisualStudioVersion = 17.0.31903.59
MinimumVisualStudioVersion = 10.0.40219.1
Project("{2150E333-8FDC-42A3-9474-1A3956D46DE8}") = "src", "src", "{4B1DA9C3-9281-459B-B652-0EF1507F08EE}"
EndProject
Project("{FAE04EC0-301F-11D3-BF4B-00C04F79EFBC}") = "SureProfit.Api", "src\Api\SureProfit.Api.csproj", "{959CAAEB-9EFE-4D0A-AFF3-07D3FBD7D423}"
EndProject
Project("{FAE04EC0-301F-11D3-BF4B-00C04F79EFBC}") = "SureProfit.Infraestructure", "src\Infraestructure\SureProfit.Infraestructure.csproj", "{55F24BBB-5CCE-4266-BB20-2FC937CFD32A}"
EndProject
Project("{FAE04EC0-301F-11D3-BF4B-00C04F79EFBC}") = "SureProfit.Domain", "src\Domain\SureProfit.Domain.csproj", "{3E7B41CD-B948-4F43-BBEC-939F5ED6BC64}"
EndProject
Project("{FAE04EC0-301F-11D3-BF4B-00C04F79EFBC}") = "SureProfit.Application", "src\Application\SureProfit.Application.csproj", "{D12FB56E-B45E-4949-A340-A8E86AA7C61F}"
EndProject
Project("{2150E333-8FDC-42A3-9474-1A3956D46DE8}") = "test", "test", "{210C55B1-53AF-4810-9AFC-B00CF6C2E8B8}"
EndProject
Project("{FAE04EC0-301F-11D3-BF4B-00C04F79EFBC}") = "SureProfit.Application.UnitTests", "test\Application.UnitTests\SureProfit.Application.UnitTests.csproj", "{295875B0-D1BF-481B-B339-A23907D78CDB}"
EndProject
Project("{FAE04EC0-301F-11D3-BF4B-00C04F79EFBC}") = "SureProfit.Domain.UnitTests", "test\Domain.UnitTests\SureProfit.Domain.UnitTests.csproj", "{29466DA4-B216-4829-B503-8056E2043C84}"
EndProject
Global
	GlobalSection(SolutionConfigurationPlatforms) = preSolution
		Debug|Any CPU = Debug|Any CPU
		Release|Any CPU = Release|Any CPU
	EndGlobalSection
	GlobalSection(SolutionProperties) = preSolution
		HideSolutionNode = FALSE
	EndGlobalSection
	GlobalSection(ProjectConfigurationPlatforms) = postSolution
		{959CAAEB-9EFE-4D0A-AFF3-07D3FBD7D423}.Debug|Any CPU.ActiveCfg = Debug|Any CPU
		{959CAAEB-9EFE-4D0A-AFF3-07D3FBD7D423}.Debug|Any CPU.Build.0 = Debug|Any CPU
		{959CAAEB-9EFE-4D0A-AFF3-07D3FBD7D423}.Release|Any CPU.ActiveCfg = Release|Any CPU
		{959CAAEB-9EFE-4D0A-AFF3-07D3FBD7D423}.Release|Any CPU.Build.0 = Release|Any CPU
		{55F24BBB-5CCE-4266-BB20-2FC937CFD32A}.Debug|Any CPU.ActiveCfg = Debug|Any CPU
		{55F24BBB-5CCE-4266-BB20-2FC937CFD32A}.Debug|Any CPU.Build.0 = Debug|Any CPU
		{55F24BBB-5CCE-4266-BB20-2FC937CFD32A}.Release|Any CPU.ActiveCfg = Release|Any CPU
		{55F24BBB-5CCE-4266-BB20-2FC937CFD32A}.Release|Any CPU.Build.0 = Release|Any CPU
		{3E7B41CD-B948-4F43-BBEC-939F5ED6BC64}.Debug|Any CPU.ActiveCfg = Debug|Any CPU
		{3E7B41CD-B948-4F43-BBEC-939F5ED6BC64}.Debug|Any CPU.Build.0 = Debug|Any CPU
		{3E7B41CD-B948-4F43-BBEC-939F5ED6BC64}.Release|Any CPU.ActiveCfg = Release|Any CPU
		{3E7B41CD-B948-4F43-BBEC-939F5ED6BC64}.Release|Any CPU.Build.0 = Release|Any CPU
		{D12FB56E-B45E-4949-A340-A8E86AA7C61F}.Debug|Any CPU.ActiveCfg = Debug|Any CPU
		{D12FB56E-B45E-4949-A340-A8E86AA7C61F}.Debug|Any CPU.Build.0 = Debug|Any CPU
		{D12FB56E-B45E-4949-A340-A8E86AA7C61F}.Release|Any CPU.ActiveCfg = Release|Any CPU
		{D12FB56E-B45E-4949-A340-A8E86AA7C61F}.Release|Any CPU.Build.0 = Release|Any CPU
		{295875B0-D1BF-481B-B339-A23907D78CDB}.Debug|Any CPU.ActiveCfg = Debug|Any CPU
		{295875B0-D1BF-481B-B339-A23907D78CDB}.Debug|Any CPU.Build.0 = Debug|Any CPU
		{295875B0-D1BF-481B-B339-A23907D78CDB}.Release|Any CPU.ActiveCfg = Release|Any CPU
		{295875B0-D1BF-481B-B339-A23907D78CDB}.Release|Any CPU.Build.0 = Release|Any CPU
		{29466DA4-B216-4829-B503-8056E2043C84}.Debug|Any CPU.ActiveCfg = Debug|Any CPU
		{29466DA4-B216-4829-B503-8056E2043C84}.Debug|Any CPU.Build.0 = Debug|Any CPU
		{29466DA4-B216-4829-B503-8056E2043C84}.Release|Any CPU.ActiveCfg = Release|Any CPU
		{29466DA4-B216-4829-B503-8056E2043C84}.Release|Any CPU.Build.0 = Release|Any CPU
	EndGlobalSection
	GlobalSection(NestedProjects) = preSolution
		{959CAAEB-9EFE-4D0A-AFF3-07D3FBD7D423} = {4B1DA9C3-9281-459B-B652-0EF1507F08EE}
		{55F24BBB-5CCE-4266-BB20-2FC937CFD32A} = {4B1DA9C3-9281-459B-B652-0EF1507F08EE}
		{3E7B41CD-B948-4F43-BBEC-939F5ED6BC64} = {4B1DA9C3-9281-459B-B652-0EF1507F08EE}
		{D12FB56E-B45E-4949-A340-A8E86AA7C61F} = {4B1DA9C3-9281-459B-B652-0EF1507F08EE}
		{295875B0-D1BF-481B-B339-A23907D78CDB} = {210C55B1-53AF-4810-9AFC-B00CF6C2E8B8}
		{29466DA4-B216-4829-B503-8056E2043C84} = {210C55B1-53AF-4810-9AFC-B00CF6C2E8B8}
	EndGlobalSection
EndGlobal
